
Microsoft Visual Studio Solution File, Format Version 12.00
# Visual Studio Version 17
VisualStudioVersion = 17.5.002.0
MinimumVisualStudioVersion = 10.0.40219.1
Project("{2150E333-8FDC-42A3-9474-1A3956D46DE8}") = "sandbox", "sandbox", "{561F644D-9B3E-466A-A705-D8EBCAB06E4F}"
EndProject
Project("{9A19103F-16F7-4668-BE54-9A1E7A4F7556}") = "sandbox_project", "sandbox\sandbox_project\sandbox_project.csproj", "{6867C173-0546-4263-BEE1-5CD11C0D1CDC}"
EndProject
Project("{2150E333-8FDC-42A3-9474-1A3956D46DE8}") = "week01", "week01", "{1DFC21D8-2B03-4156-AAD9-0BE5587F7F16}"
EndProject
Project("{9A19103F-16F7-4668-BE54-9A1E7A4F7556}") = "analyze", "week01\analyze\analyze.csproj", "{C6700433-F9CD-40DB-AE27-7C7097AC6263}"
EndProject
Project("{9A19103F-16F7-4668-BE54-9A1E7A4F7556}") = "code", "week01\code\code.csproj", "{BCBCBBB2-1971-4CD3-BD03-BE9C240EA5D9}"
EndProject
Project("{9A19103F-16F7-4668-BE54-9A1E7A4F7556}") = "teach", "week01\teach\teach.csproj", "{D9D69668-6F72-45CD-88EC-411B231352A3}"
EndProject
Project("{2150E333-8FDC-42A3-9474-1A3956D46DE8}") = "week02", "week02", "{6B279B63-261E-4CBC-B40B-C016DF941ACA}"
EndProject
Project("{9A19103F-16F7-4668-BE54-9A1E7A4F7556}") = "analyze", "week02\analyze\analyze.csproj", "{6E1EFD0C-5C48-4D5B-B49B-9321E17EEE01}"
EndProject
Project("{9A19103F-16F7-4668-BE54-9A1E7A4F7556}") = "code", "week02\code\code.csproj", "{E55FAC2E-632B-44DB-93F0-EC5905E38540}"
EndProject
Project("{9A19103F-16F7-4668-BE54-9A1E7A4F7556}") = "learn", "week02\learn\learn.csproj", "{450DC4F6-1A80-40A2-BE8F-18BE473B057A}"
EndProject
Project("{9A19103F-16F7-4668-BE54-9A1E7A4F7556}") = "teach", "week02\teach\teach.csproj", "{2B13D8FF-7687-4B66-B63F-104EE8E02ED1}"
EndProject
Project("{2150E333-8FDC-42A3-9474-1A3956D46DE8}") = "week03", "week03", "{466FF7EC-9121-45AD-8AAB-761C7A5602E8}"
EndProject
Project("{9A19103F-16F7-4668-BE54-9A1E7A4F7556}") = "code", "week03\code\code.csproj", "{4BFBA381-0B00-4F47-956B-6DD4F1DCA65A}"
EndProject
Project("{9A19103F-16F7-4668-BE54-9A1E7A4F7556}") = "learn", "week03\learn\learn.csproj", "{A405C349-D7CC-44FE-BEA5-D70DC3F55358}"
EndProject
Project("{9A19103F-16F7-4668-BE54-9A1E7A4F7556}") = "teach", "week03\teach\teach.csproj", "{088AAC3E-7D4D-4054-90D1-F4595C697DBD}"
EndProject
Project("{2150E333-8FDC-42A3-9474-1A3956D46DE8}") = "week04", "week04", "{BDB7B11D-3025-40CE-8271-CA77BDAA9357}"
EndProject
Project("{9A19103F-16F7-4668-BE54-9A1E7A4F7556}") = "code", "week04\code\code.csproj", "{90C7A0A8-68B4-478A-B420-13E8900F9C2C}"
EndProject
Project("{2150E333-8FDC-42A3-9474-1A3956D46DE8}") = "week05", "week05", "{7E0FC9C9-4CAA-4A70-88B5-20B905DE9C05}"
EndProject
Project("{9A19103F-16F7-4668-BE54-9A1E7A4F7556}") = "code", "week05\code\code.csproj", "{D787266F-CF0F-4ADF-B6AD-4771221B1CB4}"
EndProject
Project("{2150E333-8FDC-42A3-9474-1A3956D46DE8}") = "week06", "week06", "{8DB362B3-001C-4ED0-A29E-F42FD878B1A6}"
EndProject
Project("{9A19103F-16F7-4668-BE54-9A1E7A4F7556}") = "code", "week06\code\code.csproj", "{9652E3FF-0D1A-4F61-A53A-CCAFAB1DC5B3}"
EndProject
Global
	GlobalSection(SolutionConfigurationPlatforms) = preSolution
		Debug|Any CPU = Debug|Any CPU
		Release|Any CPU = Release|Any CPU
	EndGlobalSection
	GlobalSection(ProjectConfigurationPlatforms) = postSolution
		{6867C173-0546-4263-BEE1-5CD11C0D1CDC}.Debug|Any CPU.ActiveCfg = Debug|Any CPU
		{6867C173-0546-4263-BEE1-5CD11C0D1CDC}.Debug|Any CPU.Build.0 = Debug|Any CPU
		{6867C173-0546-4263-BEE1-5CD11C0D1CDC}.Release|Any CPU.ActiveCfg = Release|Any CPU
		{6867C173-0546-4263-BEE1-5CD11C0D1CDC}.Release|Any CPU.Build.0 = Release|Any CPU
		{C6700433-F9CD-40DB-AE27-7C7097AC6263}.Debug|Any CPU.ActiveCfg = Debug|Any CPU
		{C6700433-F9CD-40DB-AE27-7C7097AC6263}.Debug|Any CPU.Build.0 = Debug|Any CPU
		{C6700433-F9CD-40DB-AE27-7C7097AC6263}.Release|Any CPU.ActiveCfg = Release|Any CPU
		{C6700433-F9CD-40DB-AE27-7C7097AC6263}.Release|Any CPU.Build.0 = Release|Any CPU
		{BCBCBBB2-1971-4CD3-BD03-BE9C240EA5D9}.Debug|Any CPU.ActiveCfg = Debug|Any CPU
		{BCBCBBB2-1971-4CD3-BD03-BE9C240EA5D9}.Debug|Any CPU.Build.0 = Debug|Any CPU
		{BCBCBBB2-1971-4CD3-BD03-BE9C240EA5D9}.Release|Any CPU.ActiveCfg = Release|Any CPU
		{BCBCBBB2-1971-4CD3-BD03-BE9C240EA5D9}.Release|Any CPU.Build.0 = Release|Any CPU
		{D9D69668-6F72-45CD-88EC-411B231352A3}.Debug|Any CPU.ActiveCfg = Debug|Any CPU
		{D9D69668-6F72-45CD-88EC-411B231352A3}.Debug|Any CPU.Build.0 = Debug|Any CPU
		{D9D69668-6F72-45CD-88EC-411B231352A3}.Release|Any CPU.ActiveCfg = Release|Any CPU
		{D9D69668-6F72-45CD-88EC-411B231352A3}.Release|Any CPU.Build.0 = Release|Any CPU
		{6E1EFD0C-5C48-4D5B-B49B-9321E17EEE01}.Debug|Any CPU.ActiveCfg = Debug|Any CPU
		{6E1EFD0C-5C48-4D5B-B49B-9321E17EEE01}.Debug|Any CPU.Build.0 = Debug|Any CPU
		{6E1EFD0C-5C48-4D5B-B49B-9321E17EEE01}.Release|Any CPU.ActiveCfg = Release|Any CPU
		{6E1EFD0C-5C48-4D5B-B49B-9321E17EEE01}.Release|Any CPU.Build.0 = Release|Any CPU
		{E55FAC2E-632B-44DB-93F0-EC5905E38540}.Debug|Any CPU.ActiveCfg = Debug|Any CPU
		{E55FAC2E-632B-44DB-93F0-EC5905E38540}.Debug|Any CPU.Build.0 = Debug|Any CPU
		{E55FAC2E-632B-44DB-93F0-EC5905E38540}.Release|Any CPU.ActiveCfg = Release|Any CPU
		{E55FAC2E-632B-44DB-93F0-EC5905E38540}.Release|Any CPU.Build.0 = Release|Any CPU
		{450DC4F6-1A80-40A2-BE8F-18BE473B057A}.Debug|Any CPU.ActiveCfg = Debug|Any CPU
		{450DC4F6-1A80-40A2-BE8F-18BE473B057A}.Debug|Any CPU.Build.0 = Debug|Any CPU
		{450DC4F6-1A80-40A2-BE8F-18BE473B057A}.Release|Any CPU.ActiveCfg = Release|Any CPU
		{450DC4F6-1A80-40A2-BE8F-18BE473B057A}.Release|Any CPU.Build.0 = Release|Any CPU
		{2B13D8FF-7687-4B66-B63F-104EE8E02ED1}.Debug|Any CPU.ActiveCfg = Debug|Any CPU
		{2B13D8FF-7687-4B66-B63F-104EE8E02ED1}.Debug|Any CPU.Build.0 = Debug|Any CPU
		{2B13D8FF-7687-4B66-B63F-104EE8E02ED1}.Release|Any CPU.ActiveCfg = Release|Any CPU
		{2B13D8FF-7687-4B66-B63F-104EE8E02ED1}.Release|Any CPU.Build.0 = Release|Any CPU
		{4BFBA381-0B00-4F47-956B-6DD4F1DCA65A}.Debug|Any CPU.ActiveCfg = Debug|Any CPU
		{4BFBA381-0B00-4F47-956B-6DD4F1DCA65A}.Debug|Any CPU.Build.0 = Debug|Any CPU
		{4BFBA381-0B00-4F47-956B-6DD4F1DCA65A}.Release|Any CPU.ActiveCfg = Release|Any CPU
		{4BFBA381-0B00-4F47-956B-6DD4F1DCA65A}.Release|Any CPU.Build.0 = Release|Any CPU
		{A405C349-D7CC-44FE-BEA5-D70DC3F55358}.Debug|Any CPU.ActiveCfg = Debug|Any CPU
		{A405C349-D7CC-44FE-BEA5-D70DC3F55358}.Debug|Any CPU.Build.0 = Debug|Any CPU
		{A405C349-D7CC-44FE-BEA5-D70DC3F55358}.Release|Any CPU.ActiveCfg = Release|Any CPU
		{A405C349-D7CC-44FE-BEA5-D70DC3F55358}.Release|Any CPU.Build.0 = Release|Any CPU
		{088AAC3E-7D4D-4054-90D1-F4595C697DBD}.Debug|Any CPU.ActiveCfg = Debug|Any CPU
		{088AAC3E-7D4D-4054-90D1-F4595C697DBD}.Debug|Any CPU.Build.0 = Debug|Any CPU
		{088AAC3E-7D4D-4054-90D1-F4595C697DBD}.Release|Any CPU.ActiveCfg = Release|Any CPU
		{088AAC3E-7D4D-4054-90D1-F4595C697DBD}.Release|Any CPU.Build.0 = Release|Any CPU
		{90C7A0A8-68B4-478A-B420-13E8900F9C2C}.Debug|Any CPU.ActiveCfg = Debug|Any CPU
		{90C7A0A8-68B4-478A-B420-13E8900F9C2C}.Debug|Any CPU.Build.0 = Debug|Any CPU
		{90C7A0A8-68B4-478A-B420-13E8900F9C2C}.Release|Any CPU.ActiveCfg = Release|Any CPU
		{90C7A0A8-68B4-478A-B420-13E8900F9C2C}.Release|Any CPU.Build.0 = Release|Any CPU
		{D787266F-CF0F-4ADF-B6AD-4771221B1CB4}.Debug|Any CPU.ActiveCfg = Debug|Any CPU
		{D787266F-CF0F-4ADF-B6AD-4771221B1CB4}.Debug|Any CPU.Build.0 = Debug|Any CPU
		{D787266F-CF0F-4ADF-B6AD-4771221B1CB4}.Release|Any CPU.ActiveCfg = Release|Any CPU
		{D787266F-CF0F-4ADF-B6AD-4771221B1CB4}.Release|Any CPU.Build.0 = Release|Any CPU
		{9652E3FF-0D1A-4F61-A53A-CCAFAB1DC5B3}.Debug|Any CPU.ActiveCfg = Debug|Any CPU
		{9652E3FF-0D1A-4F61-A53A-CCAFAB1DC5B3}.Debug|Any CPU.Build.0 = Debug|Any CPU
		{9652E3FF-0D1A-4F61-A53A-CCAFAB1DC5B3}.Release|Any CPU.ActiveCfg = Release|Any CPU
		{9652E3FF-0D1A-4F61-A53A-CCAFAB1DC5B3}.Release|Any CPU.Build.0 = Release|Any CPU
	EndGlobalSection
	GlobalSection(SolutionProperties) = preSolution
		HideSolutionNode = FALSE
	EndGlobalSection
	GlobalSection(NestedProjects) = preSolution
		{6867C173-0546-4263-BEE1-5CD11C0D1CDC} = {561F644D-9B3E-466A-A705-D8EBCAB06E4F}
		{C6700433-F9CD-40DB-AE27-7C7097AC6263} = {1DFC21D8-2B03-4156-AAD9-0BE5587F7F16}
		{BCBCBBB2-1971-4CD3-BD03-BE9C240EA5D9} = {1DFC21D8-2B03-4156-AAD9-0BE5587F7F16}
		{D9D69668-6F72-45CD-88EC-411B231352A3} = {1DFC21D8-2B03-4156-AAD9-0BE5587F7F16}
		{6E1EFD0C-5C48-4D5B-B49B-9321E17EEE01} = {6B279B63-261E-4CBC-B40B-C016DF941ACA}
		{E55FAC2E-632B-44DB-93F0-EC5905E38540} = {6B279B63-261E-4CBC-B40B-C016DF941ACA}
		{450DC4F6-1A80-40A2-BE8F-18BE473B057A} = {6B279B63-261E-4CBC-B40B-C016DF941ACA}
		{2B13D8FF-7687-4B66-B63F-104EE8E02ED1} = {6B279B63-261E-4CBC-B40B-C016DF941ACA}
		{4BFBA381-0B00-4F47-956B-6DD4F1DCA65A} = {466FF7EC-9121-45AD-8AAB-761C7A5602E8}
		{A405C349-D7CC-44FE-BEA5-D70DC3F55358} = {466FF7EC-9121-45AD-8AAB-761C7A5602E8}
		{088AAC3E-7D4D-4054-90D1-F4595C697DBD} = {466FF7EC-9121-45AD-8AAB-761C7A5602E8}
		{90C7A0A8-68B4-478A-B420-13E8900F9C2C} = {BDB7B11D-3025-40CE-8271-CA77BDAA9357}
		{D787266F-CF0F-4ADF-B6AD-4771221B1CB4} = {7E0FC9C9-4CAA-4A70-88B5-20B905DE9C05}
		{9652E3FF-0D1A-4F61-A53A-CCAFAB1DC5B3} = {8DB362B3-001C-4ED0-A29E-F42FD878B1A6}
	EndGlobalSection
	GlobalSection(ExtensibilityGlobals) = postSolution
		SolutionGuid = {6361FF90-B96A-41F4-A55F-74696647B342}
	EndGlobalSection
EndGlobal
