
Microsoft Visual Studio Solution File, Format Version 12.00
# Visual Studio Version 17
VisualStudioVersion = 17.5.002.0
MinimumVisualStudioVersion = 10.0.40219.1
Project("{2150E333-8FDC-42A3-9474-1A3956D46DE8}") = "sandbox", "sandbox", "{9711E8A6-2D6E-43F9-A115-7BB2DFA5A207}"
EndProject
Project("{9A19103F-16F7-4668-BE54-9A1E7A4F7556}") = "sandbox_project", "sandbox\sandbox_project\sandbox_project.csproj", "{CD2D0B1E-D2D5-479F-B39D-73D8CB4E899C}"
EndProject
Project("{2150E333-8FDC-42A3-9474-1A3956D46DE8}") = "week01", "week01", "{EB5615F5-17D3-4008-AEAD-646BD7B70F41}"
EndProject
Project("{9A19103F-16F7-4668-BE54-9A1E7A4F7556}") = "analyze", "week01\analyze\analyze.csproj", "{FB9D3339-7110-44DC-ADFB-CAD8B5439581}"
EndProject
Project("{9A19103F-16F7-4668-BE54-9A1E7A4F7556}") = "code", "week01\code\code.csproj", "{AED6D2BF-EB39-4764-9E74-36F74754879B}"
EndProject
Project("{9A19103F-16F7-4668-BE54-9A1E7A4F7556}") = "teach", "week01\teach\teach.csproj", "{B48F4BE9-467D-41BA-8E3A-9FAFDCEEB3A9}"
EndProject
Project("{2150E333-8FDC-42A3-9474-1A3956D46DE8}") = "week02", "week02", "{C2CCEA02-BB94-41EB-A0A9-48F35E5D990B}"
EndProject
Project("{9A19103F-16F7-4668-BE54-9A1E7A4F7556}") = "analyze", "week02\analyze\analyze.csproj", "{C5556C41-7CA9-44B0-9C02-717168297D0E}"
EndProject
Project("{9A19103F-16F7-4668-BE54-9A1E7A4F7556}") = "code", "week02\code\code.csproj", "{D3909805-8E63-4D3C-BDD2-F78D4B533346}"
EndProject
Project("{9A19103F-16F7-4668-BE54-9A1E7A4F7556}") = "learn", "week02\learn\learn.csproj", "{32D26AE8-F0F3-45E1-90E0-DB64BDFDB928}"
EndProject
Project("{9A19103F-16F7-4668-BE54-9A1E7A4F7556}") = "teach", "week02\teach\teach.csproj", "{2EC792C2-FC5C-445B-9FB3-4FAAECF67E6A}"
EndProject
Project("{2150E333-8FDC-42A3-9474-1A3956D46DE8}") = "week03", "week03", "{0EC341D4-8DF9-4781-BE19-D707EBD209E0}"
EndProject
Project("{9A19103F-16F7-4668-BE54-9A1E7A4F7556}") = "code", "week03\code\code.csproj", "{89E3F3DD-DBA5-4966-A73E-DE6F9AFF04FE}"
EndProject
Project("{9A19103F-16F7-4668-BE54-9A1E7A4F7556}") = "learn", "week03\learn\learn.csproj", "{368D0377-78E1-44C4-914C-3EFB5018AC67}"
EndProject
Project("{9A19103F-16F7-4668-BE54-9A1E7A4F7556}") = "teach", "week03\teach\teach.csproj", "{A1CE9CF1-5031-45FC-861D-DD8AE9222D72}"
EndProject
Project("{2150E333-8FDC-42A3-9474-1A3956D46DE8}") = "week04", "week04", "{2A7F26FF-4DC9-4697-8135-6FCBA83EF92C}"
EndProject
Project("{9A19103F-16F7-4668-BE54-9A1E7A4F7556}") = "code", "week04\code\code.csproj", "{2CF1349B-C261-4553-8593-CDA9B0133457}"
EndProject
Project("{2150E333-8FDC-42A3-9474-1A3956D46DE8}") = "week05", "week05", "{78688365-7BB6-4D76-8C90-9B4C78A08056}"
EndProject
Project("{9A19103F-16F7-4668-BE54-9A1E7A4F7556}") = "code", "week05\code\code.csproj", "{47F03907-EF7A-49A9-9612-661A85A5F1AA}"
EndProject
Project("{2150E333-8FDC-42A3-9474-1A3956D46DE8}") = "week06", "week06", "{F5560C35-121C-42FC-BC8C-D60EDD011F11}"
EndProject
Project("{9A19103F-16F7-4668-BE54-9A1E7A4F7556}") = "code", "week06\code\code.csproj", "{857FC4AB-1AA4-4D3E-B341-996F60D1496A}"
EndProject
Global
	GlobalSection(SolutionConfigurationPlatforms) = preSolution
		Debug|Any CPU = Debug|Any CPU
		Release|Any CPU = Release|Any CPU
	EndGlobalSection
	GlobalSection(ProjectConfigurationPlatforms) = postSolution
		{CD2D0B1E-D2D5-479F-B39D-73D8CB4E899C}.Debug|Any CPU.ActiveCfg = Debug|Any CPU
		{CD2D0B1E-D2D5-479F-B39D-73D8CB4E899C}.Debug|Any CPU.Build.0 = Debug|Any CPU
		{CD2D0B1E-D2D5-479F-B39D-73D8CB4E899C}.Release|Any CPU.ActiveCfg = Release|Any CPU
		{CD2D0B1E-D2D5-479F-B39D-73D8CB4E899C}.Release|Any CPU.Build.0 = Release|Any CPU
		{FB9D3339-7110-44DC-ADFB-CAD8B5439581}.Debug|Any CPU.ActiveCfg = Debug|Any CPU
		{FB9D3339-7110-44DC-ADFB-CAD8B5439581}.Debug|Any CPU.Build.0 = Debug|Any CPU
		{FB9D3339-7110-44DC-ADFB-CAD8B5439581}.Release|Any CPU.ActiveCfg = Release|Any CPU
		{FB9D3339-7110-44DC-ADFB-CAD8B5439581}.Release|Any CPU.Build.0 = Release|Any CPU
		{AED6D2BF-EB39-4764-9E74-36F74754879B}.Debug|Any CPU.ActiveCfg = Debug|Any CPU
		{AED6D2BF-EB39-4764-9E74-36F74754879B}.Debug|Any CPU.Build.0 = Debug|Any CPU
		{AED6D2BF-EB39-4764-9E74-36F74754879B}.Release|Any CPU.ActiveCfg = Release|Any CPU
		{AED6D2BF-EB39-4764-9E74-36F74754879B}.Release|Any CPU.Build.0 = Release|Any CPU
		{B48F4BE9-467D-41BA-8E3A-9FAFDCEEB3A9}.Debug|Any CPU.ActiveCfg = Debug|Any CPU
		{B48F4BE9-467D-41BA-8E3A-9FAFDCEEB3A9}.Debug|Any CPU.Build.0 = Debug|Any CPU
		{B48F4BE9-467D-41BA-8E3A-9FAFDCEEB3A9}.Release|Any CPU.ActiveCfg = Release|Any CPU
		{B48F4BE9-467D-41BA-8E3A-9FAFDCEEB3A9}.Release|Any CPU.Build.0 = Release|Any CPU
		{C5556C41-7CA9-44B0-9C02-717168297D0E}.Debug|Any CPU.ActiveCfg = Debug|Any CPU
		{C5556C41-7CA9-44B0-9C02-717168297D0E}.Debug|Any CPU.Build.0 = Debug|Any CPU
		{C5556C41-7CA9-44B0-9C02-717168297D0E}.Release|Any CPU.ActiveCfg = Release|Any CPU
		{C5556C41-7CA9-44B0-9C02-717168297D0E}.Release|Any CPU.Build.0 = Release|Any CPU
		{D3909805-8E63-4D3C-BDD2-F78D4B533346}.Debug|Any CPU.ActiveCfg = Debug|Any CPU
		{D3909805-8E63-4D3C-BDD2-F78D4B533346}.Debug|Any CPU.Build.0 = Debug|Any CPU
		{D3909805-8E63-4D3C-BDD2-F78D4B533346}.Release|Any CPU.ActiveCfg = Release|Any CPU
		{D3909805-8E63-4D3C-BDD2-F78D4B533346}.Release|Any CPU.Build.0 = Release|Any CPU
		{32D26AE8-F0F3-45E1-90E0-DB64BDFDB928}.Debug|Any CPU.ActiveCfg = Debug|Any CPU
		{32D26AE8-F0F3-45E1-90E0-DB64BDFDB928}.Debug|Any CPU.Build.0 = Debug|Any CPU
		{32D26AE8-F0F3-45E1-90E0-DB64BDFDB928}.Release|Any CPU.ActiveCfg = Release|Any CPU
		{32D26AE8-F0F3-45E1-90E0-DB64BDFDB928}.Release|Any CPU.Build.0 = Release|Any CPU
		{2EC792C2-FC5C-445B-9FB3-4FAAECF67E6A}.Debug|Any CPU.ActiveCfg = Debug|Any CPU
		{2EC792C2-FC5C-445B-9FB3-4FAAECF67E6A}.Debug|Any CPU.Build.0 = Debug|Any CPU
		{2EC792C2-FC5C-445B-9FB3-4FAAECF67E6A}.Release|Any CPU.ActiveCfg = Release|Any CPU
		{2EC792C2-FC5C-445B-9FB3-4FAAECF67E6A}.Release|Any CPU.Build.0 = Release|Any CPU
		{89E3F3DD-DBA5-4966-A73E-DE6F9AFF04FE}.Debug|Any CPU.ActiveCfg = Debug|Any CPU
		{89E3F3DD-DBA5-4966-A73E-DE6F9AFF04FE}.Debug|Any CPU.Build.0 = Debug|Any CPU
		{89E3F3DD-DBA5-4966-A73E-DE6F9AFF04FE}.Release|Any CPU.ActiveCfg = Release|Any CPU
		{89E3F3DD-DBA5-4966-A73E-DE6F9AFF04FE}.Release|Any CPU.Build.0 = Release|Any CPU
		{368D0377-78E1-44C4-914C-3EFB5018AC67}.Debug|Any CPU.ActiveCfg = Debug|Any CPU
		{368D0377-78E1-44C4-914C-3EFB5018AC67}.Debug|Any CPU.Build.0 = Debug|Any CPU
		{368D0377-78E1-44C4-914C-3EFB5018AC67}.Release|Any CPU.ActiveCfg = Release|Any CPU
		{368D0377-78E1-44C4-914C-3EFB5018AC67}.Release|Any CPU.Build.0 = Release|Any CPU
		{A1CE9CF1-5031-45FC-861D-DD8AE9222D72}.Debug|Any CPU.ActiveCfg = Debug|Any CPU
		{A1CE9CF1-5031-45FC-861D-DD8AE9222D72}.Debug|Any CPU.Build.0 = Debug|Any CPU
		{A1CE9CF1-5031-45FC-861D-DD8AE9222D72}.Release|Any CPU.ActiveCfg = Release|Any CPU
		{A1CE9CF1-5031-45FC-861D-DD8AE9222D72}.Release|Any CPU.Build.0 = Release|Any CPU
		{2CF1349B-C261-4553-8593-CDA9B0133457}.Debug|Any CPU.ActiveCfg = Debug|Any CPU
		{2CF1349B-C261-4553-8593-CDA9B0133457}.Debug|Any CPU.Build.0 = Debug|Any CPU
		{2CF1349B-C261-4553-8593-CDA9B0133457}.Release|Any CPU.ActiveCfg = Release|Any CPU
		{2CF1349B-C261-4553-8593-CDA9B0133457}.Release|Any CPU.Build.0 = Release|Any CPU
		{47F03907-EF7A-49A9-9612-661A85A5F1AA}.Debug|Any CPU.ActiveCfg = Debug|Any CPU
		{47F03907-EF7A-49A9-9612-661A85A5F1AA}.Debug|Any CPU.Build.0 = Debug|Any CPU
		{47F03907-EF7A-49A9-9612-661A85A5F1AA}.Release|Any CPU.ActiveCfg = Release|Any CPU
		{47F03907-EF7A-49A9-9612-661A85A5F1AA}.Release|Any CPU.Build.0 = Release|Any CPU
		{857FC4AB-1AA4-4D3E-B341-996F60D1496A}.Debug|Any CPU.ActiveCfg = Debug|Any CPU
		{857FC4AB-1AA4-4D3E-B341-996F60D1496A}.Debug|Any CPU.Build.0 = Debug|Any CPU
		{857FC4AB-1AA4-4D3E-B341-996F60D1496A}.Release|Any CPU.ActiveCfg = Release|Any CPU
		{857FC4AB-1AA4-4D3E-B341-996F60D1496A}.Release|Any CPU.Build.0 = Release|Any CPU
	EndGlobalSection
	GlobalSection(SolutionProperties) = preSolution
		HideSolutionNode = FALSE
	EndGlobalSection
	GlobalSection(NestedProjects) = preSolution
		{CD2D0B1E-D2D5-479F-B39D-73D8CB4E899C} = {9711E8A6-2D6E-43F9-A115-7BB2DFA5A207}
		{FB9D3339-7110-44DC-ADFB-CAD8B5439581} = {EB5615F5-17D3-4008-AEAD-646BD7B70F41}
		{AED6D2BF-EB39-4764-9E74-36F74754879B} = {EB5615F5-17D3-4008-AEAD-646BD7B70F41}
		{B48F4BE9-467D-41BA-8E3A-9FAFDCEEB3A9} = {EB5615F5-17D3-4008-AEAD-646BD7B70F41}
		{C5556C41-7CA9-44B0-9C02-717168297D0E} = {C2CCEA02-BB94-41EB-A0A9-48F35E5D990B}
		{D3909805-8E63-4D3C-BDD2-F78D4B533346} = {C2CCEA02-BB94-41EB-A0A9-48F35E5D990B}
		{32D26AE8-F0F3-45E1-90E0-DB64BDFDB928} = {C2CCEA02-BB94-41EB-A0A9-48F35E5D990B}
		{2EC792C2-FC5C-445B-9FB3-4FAAECF67E6A} = {C2CCEA02-BB94-41EB-A0A9-48F35E5D990B}
		{89E3F3DD-DBA5-4966-A73E-DE6F9AFF04FE} = {0EC341D4-8DF9-4781-BE19-D707EBD209E0}
		{368D0377-78E1-44C4-914C-3EFB5018AC67} = {0EC341D4-8DF9-4781-BE19-D707EBD209E0}
		{A1CE9CF1-5031-45FC-861D-DD8AE9222D72} = {0EC341D4-8DF9-4781-BE19-D707EBD209E0}
		{2CF1349B-C261-4553-8593-CDA9B0133457} = {2A7F26FF-4DC9-4697-8135-6FCBA83EF92C}
		{47F03907-EF7A-49A9-9612-661A85A5F1AA} = {78688365-7BB6-4D76-8C90-9B4C78A08056}
		{857FC4AB-1AA4-4D3E-B341-996F60D1496A} = {F5560C35-121C-42FC-BC8C-D60EDD011F11}
	EndGlobalSection
	GlobalSection(ExtensibilityGlobals) = postSolution
		SolutionGuid = {4F7E3AB7-D23F-4033-BCD4-9E921F5CAC58}
	EndGlobalSection
EndGlobal
