
Microsoft Visual Studio Solution File, Format Version 12.00
# Visual Studio Version 17
VisualStudioVersion = 17.5.002.0
MinimumVisualStudioVersion = 10.0.40219.1
Project("{2150E333-8FDC-42A3-9474-1A3956D46DE8}") = "sandbox", "sandbox", "{EAD46527-9DE5-480D-9419-45D2949D4D9E}"
EndProject
Project("{9A19103F-16F7-4668-BE54-9A1E7A4F7556}") = "sandbox_project", "sandbox\sandbox_project\sandbox_project.csproj", "{DF2FE716-5E9A-4331-9F54-C924CB3180C3}"
EndProject
Project("{2150E333-8FDC-42A3-9474-1A3956D46DE8}") = "week01", "week01", "{F4C082B6-37E4-4D53-AFD4-2C7530207C94}"
EndProject
Project("{9A19103F-16F7-4668-BE54-9A1E7A4F7556}") = "analyze", "week01\analyze\analyze.csproj", "{2087E6BD-EC70-4B4D-A5D7-29DA332ABC85}"
EndProject
Project("{9A19103F-16F7-4668-BE54-9A1E7A4F7556}") = "code", "week01\code\code.csproj", "{7E7AF32D-1EAB-4BD2-88FD-4D098C809D7C}"
EndProject
Project("{9A19103F-16F7-4668-BE54-9A1E7A4F7556}") = "teach", "week01\teach\teach.csproj", "{613D9281-1454-49D8-9154-7B936D067EB2}"
EndProject
Project("{2150E333-8FDC-42A3-9474-1A3956D46DE8}") = "week02", "week02", "{730BD654-A897-4F72-B65B-D14E329139A4}"
EndProject
Project("{9A19103F-16F7-4668-BE54-9A1E7A4F7556}") = "analyze", "week02\analyze\analyze.csproj", "{6E2EB58A-39FB-41E1-8E79-CAB27F6AB1C8}"
EndProject
Project("{9A19103F-16F7-4668-BE54-9A1E7A4F7556}") = "code", "week02\code\code.csproj", "{F38680BB-6E60-4E61-ADC8-5A391E84F0F8}"
EndProject
Project("{9A19103F-16F7-4668-BE54-9A1E7A4F7556}") = "learn", "week02\learn\learn.csproj", "{4C69D391-C2D3-4C43-B7A6-DC1E38D94BCD}"
EndProject
Project("{9A19103F-16F7-4668-BE54-9A1E7A4F7556}") = "teach", "week02\teach\teach.csproj", "{43EA2A8A-36B0-4D20-AAC4-B6F6E2514098}"
EndProject
Project("{2150E333-8FDC-42A3-9474-1A3956D46DE8}") = "week03", "week03", "{300EE0B5-15A0-4335-A8A8-804CD6F5EF35}"
EndProject
Project("{9A19103F-16F7-4668-BE54-9A1E7A4F7556}") = "code", "week03\code\code.csproj", "{EF69B6ED-D411-4101-88B2-09EF2608EF74}"
EndProject
Project("{9A19103F-16F7-4668-BE54-9A1E7A4F7556}") = "learn", "week03\learn\learn.csproj", "{6A1E4C69-CAEA-48E5-81A9-CDD6A48815D2}"
EndProject
Project("{9A19103F-16F7-4668-BE54-9A1E7A4F7556}") = "teach", "week03\teach\teach.csproj", "{3D182AD6-999D-440D-AAB8-99C3B9E016B0}"
EndProject
Project("{2150E333-8FDC-42A3-9474-1A3956D46DE8}") = "week04", "week04", "{1ABF58CA-768E-400C-ACE1-5B17466775BF}"
EndProject
Project("{9A19103F-16F7-4668-BE54-9A1E7A4F7556}") = "code", "week04\code\code.csproj", "{7AF5C675-1255-4DBE-9176-55093180B33F}"
EndProject
Project("{2150E333-8FDC-42A3-9474-1A3956D46DE8}") = "week05", "week05", "{D3A08B33-5226-4CC4-A16F-BF7962B9963B}"
EndProject
Project("{9A19103F-16F7-4668-BE54-9A1E7A4F7556}") = "code", "week05\code\code.csproj", "{E205F478-E2A5-47DA-9802-974654167F98}"
EndProject
Project("{2150E333-8FDC-42A3-9474-1A3956D46DE8}") = "week06", "week06", "{11C0B816-53CF-49FE-BB9E-5052528DEDA1}"
EndProject
Project("{9A19103F-16F7-4668-BE54-9A1E7A4F7556}") = "code", "week06\code\code.csproj", "{F038B2F3-A0FF-4B0F-A1CF-284BA331E9E8}"
EndProject
Global
	GlobalSection(SolutionConfigurationPlatforms) = preSolution
		Debug|Any CPU = Debug|Any CPU
		Release|Any CPU = Release|Any CPU
	EndGlobalSection
	GlobalSection(ProjectConfigurationPlatforms) = postSolution
		{DF2FE716-5E9A-4331-9F54-C924CB3180C3}.Debug|Any CPU.ActiveCfg = Debug|Any CPU
		{DF2FE716-5E9A-4331-9F54-C924CB3180C3}.Debug|Any CPU.Build.0 = Debug|Any CPU
		{DF2FE716-5E9A-4331-9F54-C924CB3180C3}.Release|Any CPU.ActiveCfg = Release|Any CPU
		{DF2FE716-5E9A-4331-9F54-C924CB3180C3}.Release|Any CPU.Build.0 = Release|Any CPU
		{2087E6BD-EC70-4B4D-A5D7-29DA332ABC85}.Debug|Any CPU.ActiveCfg = Debug|Any CPU
		{2087E6BD-EC70-4B4D-A5D7-29DA332ABC85}.Debug|Any CPU.Build.0 = Debug|Any CPU
		{2087E6BD-EC70-4B4D-A5D7-29DA332ABC85}.Release|Any CPU.ActiveCfg = Release|Any CPU
		{2087E6BD-EC70-4B4D-A5D7-29DA332ABC85}.Release|Any CPU.Build.0 = Release|Any CPU
		{7E7AF32D-1EAB-4BD2-88FD-4D098C809D7C}.Debug|Any CPU.ActiveCfg = Debug|Any CPU
		{7E7AF32D-1EAB-4BD2-88FD-4D098C809D7C}.Debug|Any CPU.Build.0 = Debug|Any CPU
		{7E7AF32D-1EAB-4BD2-88FD-4D098C809D7C}.Release|Any CPU.ActiveCfg = Release|Any CPU
		{7E7AF32D-1EAB-4BD2-88FD-4D098C809D7C}.Release|Any CPU.Build.0 = Release|Any CPU
		{613D9281-1454-49D8-9154-7B936D067EB2}.Debug|Any CPU.ActiveCfg = Debug|Any CPU
		{613D9281-1454-49D8-9154-7B936D067EB2}.Debug|Any CPU.Build.0 = Debug|Any CPU
		{613D9281-1454-49D8-9154-7B936D067EB2}.Release|Any CPU.ActiveCfg = Release|Any CPU
		{613D9281-1454-49D8-9154-7B936D067EB2}.Release|Any CPU.Build.0 = Release|Any CPU
		{6E2EB58A-39FB-41E1-8E79-CAB27F6AB1C8}.Debug|Any CPU.ActiveCfg = Debug|Any CPU
		{6E2EB58A-39FB-41E1-8E79-CAB27F6AB1C8}.Debug|Any CPU.Build.0 = Debug|Any CPU
		{6E2EB58A-39FB-41E1-8E79-CAB27F6AB1C8}.Release|Any CPU.ActiveCfg = Release|Any CPU
		{6E2EB58A-39FB-41E1-8E79-CAB27F6AB1C8}.Release|Any CPU.Build.0 = Release|Any CPU
		{F38680BB-6E60-4E61-ADC8-5A391E84F0F8}.Debug|Any CPU.ActiveCfg = Debug|Any CPU
		{F38680BB-6E60-4E61-ADC8-5A391E84F0F8}.Debug|Any CPU.Build.0 = Debug|Any CPU
		{F38680BB-6E60-4E61-ADC8-5A391E84F0F8}.Release|Any CPU.ActiveCfg = Release|Any CPU
		{F38680BB-6E60-4E61-ADC8-5A391E84F0F8}.Release|Any CPU.Build.0 = Release|Any CPU
		{4C69D391-C2D3-4C43-B7A6-DC1E38D94BCD}.Debug|Any CPU.ActiveCfg = Debug|Any CPU
		{4C69D391-C2D3-4C43-B7A6-DC1E38D94BCD}.Debug|Any CPU.Build.0 = Debug|Any CPU
		{4C69D391-C2D3-4C43-B7A6-DC1E38D94BCD}.Release|Any CPU.ActiveCfg = Release|Any CPU
		{4C69D391-C2D3-4C43-B7A6-DC1E38D94BCD}.Release|Any CPU.Build.0 = Release|Any CPU
		{43EA2A8A-36B0-4D20-AAC4-B6F6E2514098}.Debug|Any CPU.ActiveCfg = Debug|Any CPU
		{43EA2A8A-36B0-4D20-AAC4-B6F6E2514098}.Debug|Any CPU.Build.0 = Debug|Any CPU
		{43EA2A8A-36B0-4D20-AAC4-B6F6E2514098}.Release|Any CPU.ActiveCfg = Release|Any CPU
		{43EA2A8A-36B0-4D20-AAC4-B6F6E2514098}.Release|Any CPU.Build.0 = Release|Any CPU
		{EF69B6ED-D411-4101-88B2-09EF2608EF74}.Debug|Any CPU.ActiveCfg = Debug|Any CPU
		{EF69B6ED-D411-4101-88B2-09EF2608EF74}.Debug|Any CPU.Build.0 = Debug|Any CPU
		{EF69B6ED-D411-4101-88B2-09EF2608EF74}.Release|Any CPU.ActiveCfg = Release|Any CPU
		{EF69B6ED-D411-4101-88B2-09EF2608EF74}.Release|Any CPU.Build.0 = Release|Any CPU
		{6A1E4C69-CAEA-48E5-81A9-CDD6A48815D2}.Debug|Any CPU.ActiveCfg = Debug|Any CPU
		{6A1E4C69-CAEA-48E5-81A9-CDD6A48815D2}.Debug|Any CPU.Build.0 = Debug|Any CPU
		{6A1E4C69-CAEA-48E5-81A9-CDD6A48815D2}.Release|Any CPU.ActiveCfg = Release|Any CPU
		{6A1E4C69-CAEA-48E5-81A9-CDD6A48815D2}.Release|Any CPU.Build.0 = Release|Any CPU
		{3D182AD6-999D-440D-AAB8-99C3B9E016B0}.Debug|Any CPU.ActiveCfg = Debug|Any CPU
		{3D182AD6-999D-440D-AAB8-99C3B9E016B0}.Debug|Any CPU.Build.0 = Debug|Any CPU
		{3D182AD6-999D-440D-AAB8-99C3B9E016B0}.Release|Any CPU.ActiveCfg = Release|Any CPU
		{3D182AD6-999D-440D-AAB8-99C3B9E016B0}.Release|Any CPU.Build.0 = Release|Any CPU
		{7AF5C675-1255-4DBE-9176-55093180B33F}.Debug|Any CPU.ActiveCfg = Debug|Any CPU
		{7AF5C675-1255-4DBE-9176-55093180B33F}.Debug|Any CPU.Build.0 = Debug|Any CPU
		{7AF5C675-1255-4DBE-9176-55093180B33F}.Release|Any CPU.ActiveCfg = Release|Any CPU
		{7AF5C675-1255-4DBE-9176-55093180B33F}.Release|Any CPU.Build.0 = Release|Any CPU
		{E205F478-E2A5-47DA-9802-974654167F98}.Debug|Any CPU.ActiveCfg = Debug|Any CPU
		{E205F478-E2A5-47DA-9802-974654167F98}.Debug|Any CPU.Build.0 = Debug|Any CPU
		{E205F478-E2A5-47DA-9802-974654167F98}.Release|Any CPU.ActiveCfg = Release|Any CPU
		{E205F478-E2A5-47DA-9802-974654167F98}.Release|Any CPU.Build.0 = Release|Any CPU
		{F038B2F3-A0FF-4B0F-A1CF-284BA331E9E8}.Debug|Any CPU.ActiveCfg = Debug|Any CPU
		{F038B2F3-A0FF-4B0F-A1CF-284BA331E9E8}.Debug|Any CPU.Build.0 = Debug|Any CPU
		{F038B2F3-A0FF-4B0F-A1CF-284BA331E9E8}.Release|Any CPU.ActiveCfg = Release|Any CPU
		{F038B2F3-A0FF-4B0F-A1CF-284BA331E9E8}.Release|Any CPU.Build.0 = Release|Any CPU
	EndGlobalSection
	GlobalSection(SolutionProperties) = preSolution
		HideSolutionNode = FALSE
	EndGlobalSection
	GlobalSection(NestedProjects) = preSolution
		{DF2FE716-5E9A-4331-9F54-C924CB3180C3} = {EAD46527-9DE5-480D-9419-45D2949D4D9E}
		{2087E6BD-EC70-4B4D-A5D7-29DA332ABC85} = {F4C082B6-37E4-4D53-AFD4-2C7530207C94}
		{7E7AF32D-1EAB-4BD2-88FD-4D098C809D7C} = {F4C082B6-37E4-4D53-AFD4-2C7530207C94}
		{613D9281-1454-49D8-9154-7B936D067EB2} = {F4C082B6-37E4-4D53-AFD4-2C7530207C94}
		{6E2EB58A-39FB-41E1-8E79-CAB27F6AB1C8} = {730BD654-A897-4F72-B65B-D14E329139A4}
		{F38680BB-6E60-4E61-ADC8-5A391E84F0F8} = {730BD654-A897-4F72-B65B-D14E329139A4}
		{4C69D391-C2D3-4C43-B7A6-DC1E38D94BCD} = {730BD654-A897-4F72-B65B-D14E329139A4}
		{43EA2A8A-36B0-4D20-AAC4-B6F6E2514098} = {730BD654-A897-4F72-B65B-D14E329139A4}
		{EF69B6ED-D411-4101-88B2-09EF2608EF74} = {300EE0B5-15A0-4335-A8A8-804CD6F5EF35}
		{6A1E4C69-CAEA-48E5-81A9-CDD6A48815D2} = {300EE0B5-15A0-4335-A8A8-804CD6F5EF35}
		{3D182AD6-999D-440D-AAB8-99C3B9E016B0} = {300EE0B5-15A0-4335-A8A8-804CD6F5EF35}
		{7AF5C675-1255-4DBE-9176-55093180B33F} = {1ABF58CA-768E-400C-ACE1-5B17466775BF}
		{E205F478-E2A5-47DA-9802-974654167F98} = {D3A08B33-5226-4CC4-A16F-BF7962B9963B}
		{F038B2F3-A0FF-4B0F-A1CF-284BA331E9E8} = {11C0B816-53CF-49FE-BB9E-5052528DEDA1}
	EndGlobalSection
	GlobalSection(ExtensibilityGlobals) = postSolution
		SolutionGuid = {3FE55B77-46E9-42ED-877D-B71202EDF63F}
	EndGlobalSection
EndGlobal
